
Microsoft Visual Studio Solution File, Format Version 12.00
# Visual Studio Version 17
VisualStudioVersion = 17.2.32526.322
MinimumVisualStudioVersion = 10.0.40219.1
Project("{FAE04EC0-301F-11D3-BF4B-00C04F79EFBC}") = "AddressBook", "AddressBook\AddressBook.csproj", "{4E704CC4-4569-44A7-A7D4-FCEBEB81ED17}"
EndProject
Global
	GlobalSection(SolutionConfigurationPlatforms) = preSolution
		Debug|Any CPU = Debug|Any CPU
		Release|Any CPU = Release|Any CPU
	EndGlobalSection
	GlobalSection(ProjectConfigurationPlatforms) = postSolution
		{4E704CC4-4569-44A7-A7D4-FCEBEB81ED17}.Debug|Any CPU.ActiveCfg = Debug|Any CPU
		{4E704CC4-4569-44A7-A7D4-FCEBEB81ED17}.Debug|Any CPU.Build.0 = Debug|Any CPU
		{4E704CC4-4569-44A7-A7D4-FCEBEB81ED17}.Release|Any CPU.ActiveCfg = Release|Any CPU
		{4E704CC4-4569-44A7-A7D4-FCEBEB81ED17}.Release|Any CPU.Build.0 = Release|Any CPU
	EndGlobalSection
	GlobalSection(SolutionProperties) = preSolution
		HideSolutionNode = FALSE
	EndGlobalSection
	GlobalSection(ExtensibilityGlobals) = postSolution
		SolutionGuid = {DCBDE21B-E1CE-4312-9898-07391ED67D1E}
	EndGlobalSection
EndGlobal
